
Microsoft Visual Studio Solution File, Format Version 12.00
# Visual Studio Version 16
VisualStudioVersion = 16.0.28705.295
MinimumVisualStudioVersion = 10.0.40219.1
Project("{2150E333-8FDC-42A3-9474-1A3956D46DE8}") = "src", "src", "{D991ABA1-5F21-4387-B0E1-32AB3FDFCFAC}"
EndProject
Project("{2150E333-8FDC-42A3-9474-1A3956D46DE8}") = "test", "test", "{EDB23798-545E-4F81-B276-3F68A4CC5BDF}"
EndProject
Project("{2150E333-8FDC-42A3-9474-1A3956D46DE8}") = "dep", "dep", "{89E80B1E-E97D-4B6E-BE19-57E7DF625D85}"
EndProject
Project("{9A19103F-16F7-4668-BE54-9A1E7A4F7556}") = "Networker", "dep\Networker\Networker\Networker.csproj", "{57FCAD61-6347-4145-9132-851F8DF47CE5}"
EndProject
Project("{9A19103F-16F7-4668-BE54-9A1E7A4F7556}") = "Networker.Formatter.ZeroFormatter", "dep\Networker\Networker.Formatter.ZeroFormatter\Networker.Formatter.ZeroFormatter.csproj", "{3D9771F8-7535-465A-97F5-E7E0D5BE90EA}"
EndProject
Project("{9A19103F-16F7-4668-BE54-9A1E7A4F7556}") = "Networker.Formatter.ProtobufNet", "dep\Networker\Networker.Formatter.ProtobufNet\Networker.Formatter.ProtobufNet.csproj", "{80D9C739-11A3-4CC9-AB2A-336D7787C41F}"
EndProject
Project("{9A19103F-16F7-4668-BE54-9A1E7A4F7556}") = "Mallos.Networking", "src\Mallos.Networking\Mallos.Networking.csproj", "{543316A8-B916-4F5B-AAFA-684831770BD7}"
EndProject
Project("{2150E333-8FDC-42A3-9474-1A3956D46DE8}") = "samples", "samples", "{EBCC0EE0-8E26-4409-93B7-6B5268B88812}"
EndProject
Project("{FAE04EC0-301F-11D3-BF4B-00C04F79EFBC}") = "Mallos.Networking.ServerSample", "samples\Mallos.Networking.Server\Mallos.Networking.ServerSample.csproj", "{33520507-60F9-44AA-982F-00543D490DFA}"
EndProject
Project("{FAE04EC0-301F-11D3-BF4B-00C04F79EFBC}") = "Mallos.Networking.ClientSample", "samples\Mallos.Networking.Client\Mallos.Networking.ClientSample.csproj", "{11932A0C-C441-4C3E-A1F1-C493C014B5DC}"
EndProject
Project("{D954291E-2A0B-460D-934E-DC6B0785DB48}") = "Mallos.Networking.CommonSample", "samples\Mallos.Networking.CommonSample\Mallos.Networking.CommonSample.shproj", "{8542142C-4B84-4F88-8548-02261165D306}"
EndProject
Project("{9A19103F-16F7-4668-BE54-9A1E7A4F7556}") = "Mallos.Networking.Test", "test\Mallos.Networking.Test.csproj", "{213CF878-2A10-4F32-B517-E1F2EB99377B}"
EndProject
Global
	GlobalSection(SharedMSBuildProjectFiles) = preSolution
		samples\Mallos.Networking.CommonSample\Mallos.Networking.Commonsample.projitems*{8542142c-4b84-4f88-8548-02261165d306}*SharedItemsImports = 13
	EndGlobalSection
	GlobalSection(SolutionConfigurationPlatforms) = preSolution
		Debug|Any CPU = Debug|Any CPU
		Release|Any CPU = Release|Any CPU
	EndGlobalSection
	GlobalSection(ProjectConfigurationPlatforms) = postSolution
		{57FCAD61-6347-4145-9132-851F8DF47CE5}.Debug|Any CPU.ActiveCfg = Debug|Any CPU
		{57FCAD61-6347-4145-9132-851F8DF47CE5}.Debug|Any CPU.Build.0 = Debug|Any CPU
		{57FCAD61-6347-4145-9132-851F8DF47CE5}.Release|Any CPU.ActiveCfg = Release|Any CPU
		{57FCAD61-6347-4145-9132-851F8DF47CE5}.Release|Any CPU.Build.0 = Release|Any CPU
		{3D9771F8-7535-465A-97F5-E7E0D5BE90EA}.Debug|Any CPU.ActiveCfg = Debug|Any CPU
		{3D9771F8-7535-465A-97F5-E7E0D5BE90EA}.Debug|Any CPU.Build.0 = Debug|Any CPU
		{3D9771F8-7535-465A-97F5-E7E0D5BE90EA}.Release|Any CPU.ActiveCfg = Release|Any CPU
		{3D9771F8-7535-465A-97F5-E7E0D5BE90EA}.Release|Any CPU.Build.0 = Release|Any CPU
		{80D9C739-11A3-4CC9-AB2A-336D7787C41F}.Debug|Any CPU.ActiveCfg = Debug|Any CPU
		{80D9C739-11A3-4CC9-AB2A-336D7787C41F}.Debug|Any CPU.Build.0 = Debug|Any CPU
		{80D9C739-11A3-4CC9-AB2A-336D7787C41F}.Release|Any CPU.ActiveCfg = Release|Any CPU
		{80D9C739-11A3-4CC9-AB2A-336D7787C41F}.Release|Any CPU.Build.0 = Release|Any CPU
		{543316A8-B916-4F5B-AAFA-684831770BD7}.Debug|Any CPU.ActiveCfg = Debug|Any CPU
		{543316A8-B916-4F5B-AAFA-684831770BD7}.Debug|Any CPU.Build.0 = Debug|Any CPU
		{543316A8-B916-4F5B-AAFA-684831770BD7}.Release|Any CPU.ActiveCfg = Release|Any CPU
		{543316A8-B916-4F5B-AAFA-684831770BD7}.Release|Any CPU.Build.0 = Release|Any CPU
		{33520507-60F9-44AA-982F-00543D490DFA}.Debug|Any CPU.ActiveCfg = Debug|Any CPU
		{33520507-60F9-44AA-982F-00543D490DFA}.Debug|Any CPU.Build.0 = Debug|Any CPU
		{33520507-60F9-44AA-982F-00543D490DFA}.Release|Any CPU.ActiveCfg = Release|Any CPU
		{33520507-60F9-44AA-982F-00543D490DFA}.Release|Any CPU.Build.0 = Release|Any CPU
		{11932A0C-C441-4C3E-A1F1-C493C014B5DC}.Debug|Any CPU.ActiveCfg = Debug|Any CPU
		{11932A0C-C441-4C3E-A1F1-C493C014B5DC}.Debug|Any CPU.Build.0 = Debug|Any CPU
		{11932A0C-C441-4C3E-A1F1-C493C014B5DC}.Release|Any CPU.ActiveCfg = Release|Any CPU
		{11932A0C-C441-4C3E-A1F1-C493C014B5DC}.Release|Any CPU.Build.0 = Release|Any CPU
		{213CF878-2A10-4F32-B517-E1F2EB99377B}.Debug|Any CPU.ActiveCfg = Debug|Any CPU
		{213CF878-2A10-4F32-B517-E1F2EB99377B}.Debug|Any CPU.Build.0 = Debug|Any CPU
		{213CF878-2A10-4F32-B517-E1F2EB99377B}.Release|Any CPU.ActiveCfg = Release|Any CPU
		{213CF878-2A10-4F32-B517-E1F2EB99377B}.Release|Any CPU.Build.0 = Release|Any CPU
	EndGlobalSection
	GlobalSection(SolutionProperties) = preSolution
		HideSolutionNode = FALSE
	EndGlobalSection
	GlobalSection(NestedProjects) = preSolution
		{57FCAD61-6347-4145-9132-851F8DF47CE5} = {89E80B1E-E97D-4B6E-BE19-57E7DF625D85}
		{3D9771F8-7535-465A-97F5-E7E0D5BE90EA} = {89E80B1E-E97D-4B6E-BE19-57E7DF625D85}
		{80D9C739-11A3-4CC9-AB2A-336D7787C41F} = {89E80B1E-E97D-4B6E-BE19-57E7DF625D85}
		{543316A8-B916-4F5B-AAFA-684831770BD7} = {D991ABA1-5F21-4387-B0E1-32AB3FDFCFAC}
		{33520507-60F9-44AA-982F-00543D490DFA} = {EBCC0EE0-8E26-4409-93B7-6B5268B88812}
		{11932A0C-C441-4C3E-A1F1-C493C014B5DC} = {EBCC0EE0-8E26-4409-93B7-6B5268B88812}
		{8542142C-4B84-4F88-8548-02261165D306} = {EBCC0EE0-8E26-4409-93B7-6B5268B88812}
		{213CF878-2A10-4F32-B517-E1F2EB99377B} = {EDB23798-545E-4F81-B276-3F68A4CC5BDF}
	EndGlobalSection
	GlobalSection(ExtensibilityGlobals) = postSolution
		SolutionGuid = {615018A0-7065-4FF7-9850-8682FB13285E}
	EndGlobalSection
EndGlobal
